<?xml version="1.0" encoding="utf-8"?>
<Project ToolsVersion="12.0" xmlns="http://schemas.microsoft.com/developer/msbuild/2003">
  <ItemGroup>
    <Filter Include="Source Files">
      <UniqueIdentifier>{4FC737F1-C7A5-4376-A066-2A32D752A2FF}</UniqueIdentifier>
      <Extensions>cpp;c;cc;cxx;s</Extensions>
    </Filter>
    <Filter Include="Header Files">
      <UniqueIdentifier>{93995380-89BD-4b04-88EB-625FBE52EBFB}</UniqueIdentifier>
      <Extensions>h;hh;hpp;hxx</Extensions>
    </Filter>
    <Filter Include="Library metadata">
      <UniqueIdentifier>{133a8e81-5a0f-41dd-9617-a2d7af7936c6}</UniqueIdentifier>
    </Filter>
    <Filter Include="Examples">
      <UniqueIdentifier>{17392167-28e4-4df1-8eb3-1fd2c8cdb842}</UniqueIdentifier>
    </Filter>
  </ItemGroup>
  <ItemGroup>
    <Text Include="$(MSBuildThisFileDirectory)library.properties">
      <Filter>Library metadata</Filter>
    </Text>
    <Text Include="$(MSBuildThisFileDirectory)keywords.txt">
      <Filter>Library metadata</Filter>
    </Text>
  </ItemGroup>
  <ItemGroup>
    <None Include="$(MSBuildThisFileDirectory)README.md">
      <Filter>Library metadata</Filter>
    </None>
    <None Include="$(MSBuildThisFileDirectory)examples\ExampleClass\ExampleClass.ino">
      <Filter>Examples</Filter>
    </None>
  </ItemGroup>
  <ItemGroup>
    <ClInclude Include="$(MSBuildThisFileDirectory)src\NEvents.h">
      <Filter>Header Files</Filter>
    </ClInclude>
  </ItemGroup>
</Project>